
Microsoft Visual Studio Solution File, Format Version 12.00
# Visual Studio Version 17
VisualStudioVersion = 17.6.33829.357
MinimumVisualStudioVersion = 10.0.40219.1
Project("{FAE04EC0-301F-11D3-BF4B-00C04F79EFBC}") = "GroceryAPi", "GroceryAPi\GroceryAPi.csproj", "{70E200A6-3D6B-4B89-8FAE-5CCA14C49272}"
EndProject
Global
	GlobalSection(SolutionConfigurationPlatforms) = preSolution
		Debug|Any CPU = Debug|Any CPU
		Release|Any CPU = Release|Any CPU
	EndGlobalSection
	GlobalSection(ProjectConfigurationPlatforms) = postSolution
		{70E200A6-3D6B-4B89-8FAE-5CCA14C49272}.Debug|Any CPU.ActiveCfg = Debug|Any CPU
		{70E200A6-3D6B-4B89-8FAE-5CCA14C49272}.Debug|Any CPU.Build.0 = Debug|Any CPU
		{70E200A6-3D6B-4B89-8FAE-5CCA14C49272}.Release|Any CPU.ActiveCfg = Release|Any CPU
		{70E200A6-3D6B-4B89-8FAE-5CCA14C49272}.Release|Any CPU.Build.0 = Release|Any CPU
	EndGlobalSection
	GlobalSection(SolutionProperties) = preSolution
		HideSolutionNode = FALSE
	EndGlobalSection
	GlobalSection(ExtensibilityGlobals) = postSolution
		SolutionGuid = {0FE9BB4B-270C-4392-AAC8-845AFDF7D0F3}
	EndGlobalSection
EndGlobal
